
Microsoft Visual Studio Solution File, Format Version 12.00
# Visual Studio Version 16
VisualStudioVersion = 16.0.29025.244
MinimumVisualStudioVersion = 10.0.40219.1
Project("{FAE04EC0-301F-11D3-BF4B-00C04F79EFBC}") = "DiscoveryApplication.Android", "DiscoveryApplication\DiscoveryApplication.Android\DiscoveryApplication.Android.csproj", "{449700CD-52C4-440C-9B20-9C3B1242BBFD}"
EndProject
Project("{FAE04EC0-301F-11D3-BF4B-00C04F79EFBC}") = "DiscoveryApplication", "DiscoveryApplication\DiscoveryApplication\DiscoveryApplication.csproj", "{5B18794A-B853-41F1-9B91-773E239FAB00}"
EndProject
Global
	GlobalSection(SolutionConfigurationPlatforms) = preSolution
		Debug|Any CPU = Debug|Any CPU
		Release|Any CPU = Release|Any CPU
	EndGlobalSection
	GlobalSection(ProjectConfigurationPlatforms) = postSolution
		{449700CD-52C4-440C-9B20-9C3B1242BBFD}.Debug|Any CPU.ActiveCfg = Debug|Any CPU
		{449700CD-52C4-440C-9B20-9C3B1242BBFD}.Debug|Any CPU.Build.0 = Debug|Any CPU
		{449700CD-52C4-440C-9B20-9C3B1242BBFD}.Debug|Any CPU.Deploy.0 = Debug|Any CPU
		{449700CD-52C4-440C-9B20-9C3B1242BBFD}.Release|Any CPU.ActiveCfg = Release|Any CPU
		{449700CD-52C4-440C-9B20-9C3B1242BBFD}.Release|Any CPU.Build.0 = Release|Any CPU
		{449700CD-52C4-440C-9B20-9C3B1242BBFD}.Release|Any CPU.Deploy.0 = Release|Any CPU
		{5B18794A-B853-41F1-9B91-773E239FAB00}.Debug|Any CPU.ActiveCfg = Debug|Any CPU
		{5B18794A-B853-41F1-9B91-773E239FAB00}.Debug|Any CPU.Build.0 = Debug|Any CPU
		{5B18794A-B853-41F1-9B91-773E239FAB00}.Debug|Any CPU.Deploy.0 = Debug|Any CPU
		{5B18794A-B853-41F1-9B91-773E239FAB00}.Release|Any CPU.ActiveCfg = Release|Any CPU
		{5B18794A-B853-41F1-9B91-773E239FAB00}.Release|Any CPU.Build.0 = Release|Any CPU
		{5B18794A-B853-41F1-9B91-773E239FAB00}.Release|Any CPU.Deploy.0 = Release|Any CPU
	EndGlobalSection
	GlobalSection(SolutionProperties) = preSolution
		HideSolutionNode = FALSE
	EndGlobalSection
	GlobalSection(ExtensibilityGlobals) = postSolution
		SolutionGuid = {270509E7-5393-4961-A66B-2F071A84627E}
	EndGlobalSection
EndGlobal
